
Microsoft Visual Studio Solution File, Format Version 12.00
# Visual Studio Version 16
VisualStudioVersion = 16.0.30717.126
MinimumVisualStudioVersion = 10.0.40219.1
Project("{FAE04EC0-301F-11D3-BF4B-00C04F79EFBC}") = "Prove_Varie", "Prove_Varie.csproj", "{9E65829A-83F3-42E7-B248-C7C1CB8D9966}"
EndProject
Global
	GlobalSection(SolutionConfigurationPlatforms) = preSolution
		Debug|Any CPU = Debug|Any CPU
		Release|Any CPU = Release|Any CPU
	EndGlobalSection
	GlobalSection(ProjectConfigurationPlatforms) = postSolution
		{9E65829A-83F3-42E7-B248-C7C1CB8D9966}.Debug|Any CPU.ActiveCfg = Debug|Any CPU
		{9E65829A-83F3-42E7-B248-C7C1CB8D9966}.Debug|Any CPU.Build.0 = Debug|Any CPU
		{9E65829A-83F3-42E7-B248-C7C1CB8D9966}.Release|Any CPU.ActiveCfg = Release|Any CPU
		{9E65829A-83F3-42E7-B248-C7C1CB8D9966}.Release|Any CPU.Build.0 = Release|Any CPU
	EndGlobalSection
	GlobalSection(SolutionProperties) = preSolution
		HideSolutionNode = FALSE
	EndGlobalSection
	GlobalSection(ExtensibilityGlobals) = postSolution
		SolutionGuid = {6C30AA9B-1631-46BC-97B3-B8487030EA63}
	EndGlobalSection
EndGlobal
